
Microsoft Visual Studio Solution File, Format Version 12.00
# Visual Studio 2012
Project("{FAE04EC0-301F-11D3-BF4B-00C04F79EFBC}") = "Trending", "Trending.csproj", "{1FED20BF-E448-4359-B793-1DC05B408923}"
EndProject
Global
	GlobalSection(SolutionConfigurationPlatforms) = preSolution
		Debug|Any CPU = Debug|Any CPU
		Release|Any CPU = Release|Any CPU
	EndGlobalSection
	GlobalSection(ProjectConfigurationPlatforms) = postSolution
		{1FED20BF-E448-4359-B793-1DC05B408923}.Debug|Any CPU.ActiveCfg = Debug|Any CPU
		{1FED20BF-E448-4359-B793-1DC05B408923}.Debug|Any CPU.Build.0 = Debug|Any CPU
		{1FED20BF-E448-4359-B793-1DC05B408923}.Release|Any CPU.ActiveCfg = Release|Any CPU
		{1FED20BF-E448-4359-B793-1DC05B408923}.Release|Any CPU.Build.0 = Release|Any CPU
	EndGlobalSection
	GlobalSection(SolutionProperties) = preSolution
		HideSolutionNode = FALSE
	EndGlobalSection
EndGlobal
